// !$*UTF8*$!
{
	archiveVersion = 1;
	classes = {
	};
	objectVersion = 46;
	objects = {

/* Begin PBXBuildFile section */
		4BAB751B1EF8DD2400F4A1D6 /* EscapeKeyListener.h in Headers */ = {isa = PBXBuildFile; fileRef = 4BAB75191EF8DD2400F4A1D6 /* EscapeKeyListener.h */; settings = {ATTRIBUTES = (Public, ); }; };
		4BAB75271EF8DDF800F4A1D6 /* KeyboardEventManager.h in Headers */ = {isa = PBXBuildFile; fileRef = 4BAB75211EF8DDF800F4A1D6 /* KeyboardEventManager.h */; settings = {ATTRIBUTES = (Public, ); }; };
		4BAB75281EF8DDF800F4A1D6 /* KeyboardEventManager.m in Sources */ = {isa = PBXBuildFile; fileRef = 4BAB75221EF8DDF800F4A1D6 /* KeyboardEventManager.m */; };
		4BAB75291EF8DDF800F4A1D6 /* NSObject+Runtime.h in Headers */ = {isa = PBXBuildFile; fileRef = 4BAB75231EF8DDF800F4A1D6 /* NSObject+Runtime.h */; };
		4BAB752A1EF8DDF800F4A1D6 /* NSObject+Runtime.m in Sources */ = {isa = PBXBuildFile; fileRef = 4BAB75241EF8DDF800F4A1D6 /* NSObject+Runtime.m */; };
		4BAB752B1EF8DDF800F4A1D6 /* UIApplication+KeyUIEvent.h in Headers */ = {isa = PBXBuildFile; fileRef = 4BAB75251EF8DDF800F4A1D6 /* UIApplication+KeyUIEvent.h */; };
		4BAB752C1EF8DDF800F4A1D6 /* UIApplication+KeyUIEvent.m in Sources */ = {isa = PBXBuildFile; fileRef = 4BAB75261EF8DDF800F4A1D6 /* UIApplication+KeyUIEvent.m */; };
		4BFD93CB20AAC194001CE2C5 /* AppDelegate.swift in Sources */ = {isa = PBXBuildFile; fileRef = 4BFD93CA20AAC194001CE2C5 /* AppDelegate.swift */; };
		4BFD93CD20AAC194001CE2C5 /* ViewController.swift in Sources */ = {isa = PBXBuildFile; fileRef = 4BFD93CC20AAC194001CE2C5 /* ViewController.swift */; };
		4BFD93D020AAC194001CE2C5 /* Main.storyboard in Resources */ = {isa = PBXBuildFile; fileRef = 4BFD93CE20AAC194001CE2C5 /* Main.storyboard */; };
		4BFD93D220AAC194001CE2C5 /* Assets.xcassets in Resources */ = {isa = PBXBuildFile; fileRef = 4BFD93D120AAC194001CE2C5 /* Assets.xcassets */; };
		4BFD93D520AAC194001CE2C5 /* LaunchScreen.storyboard in Resources */ = {isa = PBXBuildFile; fileRef = 4BFD93D320AAC194001CE2C5 /* LaunchScreen.storyboard */; };
		4BFD93DB20AAC1C9001CE2C5 /* EscapeKeyListener.framework in Frameworks */ = {isa = PBXBuildFile; fileRef = 4BAB75161EF8DD2400F4A1D6 /* EscapeKeyListener.framework */; };
/* End PBXBuildFile section */

/* Begin PBXFileReference section */
		4BAB75161EF8DD2400F4A1D6 /* EscapeKeyListener.framework */ = {isa = PBXFileReference; explicitFileType = wrapper.framework; includeInIndex = 0; path = EscapeKeyListener.framework; sourceTree = BUILT_PRODUCTS_DIR; };
		4BAB75191EF8DD2400F4A1D6 /* EscapeKeyListener.h */ = {isa = PBXFileReference; lastKnownFileType = sourcecode.c.h; path = EscapeKeyListener.h; sourceTree = "<group>"; };
		4BAB751A1EF8DD2400F4A1D6 /* Info.plist */ = {isa = PBXFileReference; lastKnownFileType = text.plist.xml; path = Info.plist; sourceTree = "<group>"; };
		4BAB75211EF8DDF800F4A1D6 /* KeyboardEventManager.h */ = {isa = PBXFileReference; fileEncoding = 4; lastKnownFileType = sourcecode.c.h; path = KeyboardEventManager.h; sourceTree = "<group>"; };
		4BAB75221EF8DDF800F4A1D6 /* KeyboardEventManager.m */ = {isa = PBXFileReference; fileEncoding = 4; lastKnownFileType = sourcecode.c.objc; path = KeyboardEventManager.m; sourceTree = "<group>"; };
		4BAB75231EF8DDF800F4A1D6 /* NSObject+Runtime.h */ = {isa = PBXFileReference; fileEncoding = 4; lastKnownFileType = sourcecode.c.h; path = "NSObject+Runtime.h"; sourceTree = "<group>"; };
		4BAB75241EF8DDF800F4A1D6 /* NSObject+Runtime.m */ = {isa = PBXFileReference; fileEncoding = 4; lastKnownFileType = sourcecode.c.objc; path = "NSObject+Runtime.m"; sourceTree = "<group>"; };
		4BAB75251EF8DDF800F4A1D6 /* UIApplication+KeyUIEvent.h */ = {isa = PBXFileReference; fileEncoding = 4; lastKnownFileType = sourcecode.c.h; path = "UIApplication+KeyUIEvent.h"; sourceTree = "<group>"; };
		4BAB75261EF8DDF800F4A1D6 /* UIApplication+KeyUIEvent.m */ = {isa = PBXFileReference; fileEncoding = 4; lastKnownFileType = sourcecode.c.objc; path = "UIApplication+KeyUIEvent.m"; sourceTree = "<group>"; };
		4BFD93C820AAC194001CE2C5 /* Demo.app */ = {isa = PBXFileReference; explicitFileType = wrapper.application; includeInIndex = 0; path = Demo.app; sourceTree = BUILT_PRODUCTS_DIR; };
		4BFD93CA20AAC194001CE2C5 /* AppDelegate.swift */ = {isa = PBXFileReference; lastKnownFileType = sourcecode.swift; path = AppDelegate.swift; sourceTree = "<group>"; };
		4BFD93CC20AAC194001CE2C5 /* ViewController.swift */ = {isa = PBXFileReference; lastKnownFileType = sourcecode.swift; path = ViewController.swift; sourceTree = "<group>"; };
		4BFD93CF20AAC194001CE2C5 /* Base */ = {isa = PBXFileReference; lastKnownFileType = file.storyboard; name = Base; path = Base.lproj/Main.storyboard; sourceTree = "<group>"; };
		4BFD93D120AAC194001CE2C5 /* Assets.xcassets */ = {isa = PBXFileReference; lastKnownFileType = folder.assetcatalog; path = Assets.xcassets; sourceTree = "<group>"; };
		4BFD93D420AAC194001CE2C5 /* Base */ = {isa = PBXFileReference; lastKnownFileType = file.storyboard; name = Base; path = Base.lproj/LaunchScreen.storyboard; sourceTree = "<group>"; };
		4BFD93D620AAC194001CE2C5 /* Info.plist */ = {isa = PBXFileReference; lastKnownFileType = text.plist.xml; path = Info.plist; sourceTree = "<group>"; };
/* End PBXFileReference section */

/* Begin PBXFrameworksBuildPhase section */
		4BAB75121EF8DD2400F4A1D6 /* Frameworks */ = {
			isa = PBXFrameworksBuildPhase;
			buildActionMask = 2147483647;
			files = (
			);
			runOnlyForDeploymentPostprocessing = 0;
		};
		4BFD93C520AAC194001CE2C5 /* Frameworks */ = {
			isa = PBXFrameworksBuildPhase;
			buildActionMask = 2147483647;
			files = (
				4BFD93DB20AAC1C9001CE2C5 /* EscapeKeyListener.framework in Frameworks */,
			);
			runOnlyForDeploymentPostprocessing = 0;
		};
/* End PBXFrameworksBuildPhase section */

/* Begin PBXGroup section */
		4BAB750C1EF8DD2400F4A1D6 = {
			isa = PBXGroup;
			children = (
				4BAB75181EF8DD2400F4A1D6 /* EscapeKeyListener */,
				4BFD93C920AAC194001CE2C5 /* Demo */,
				4BAB75171EF8DD2400F4A1D6 /* Products */,
				4BFD93DA20AAC1C9001CE2C5 /* Frameworks */,
			);
			sourceTree = "<group>";
		};
		4BAB75171EF8DD2400F4A1D6 /* Products */ = {
			isa = PBXGroup;
			children = (
				4BAB75161EF8DD2400F4A1D6 /* EscapeKeyListener.framework */,
				4BFD93C820AAC194001CE2C5 /* Demo.app */,
			);
			name = Products;
			sourceTree = "<group>";
		};
		4BAB75181EF8DD2400F4A1D6 /* EscapeKeyListener */ = {
			isa = PBXGroup;
			children = (
				4BAB75211EF8DDF800F4A1D6 /* KeyboardEventManager.h */,
				4BAB75221EF8DDF800F4A1D6 /* KeyboardEventManager.m */,
				4BAB75231EF8DDF800F4A1D6 /* NSObject+Runtime.h */,
				4BAB75241EF8DDF800F4A1D6 /* NSObject+Runtime.m */,
				4BAB75251EF8DDF800F4A1D6 /* UIApplication+KeyUIEvent.h */,
				4BAB75261EF8DDF800F4A1D6 /* UIApplication+KeyUIEvent.m */,
				4BAB75191EF8DD2400F4A1D6 /* EscapeKeyListener.h */,
				4BAB751A1EF8DD2400F4A1D6 /* Info.plist */,
			);
			path = EscapeKeyListener;
			sourceTree = "<group>";
		};
		4BFD93C920AAC194001CE2C5 /* Demo */ = {
			isa = PBXGroup;
			children = (
				4BFD93CA20AAC194001CE2C5 /* AppDelegate.swift */,
				4BFD93CC20AAC194001CE2C5 /* ViewController.swift */,
				4BFD93CE20AAC194001CE2C5 /* Main.storyboard */,
				4BFD93D120AAC194001CE2C5 /* Assets.xcassets */,
				4BFD93D320AAC194001CE2C5 /* LaunchScreen.storyboard */,
				4BFD93D620AAC194001CE2C5 /* Info.plist */,
			);
			path = Demo;
			sourceTree = "<group>";
		};
		4BFD93DA20AAC1C9001CE2C5 /* Frameworks */ = {
			isa = PBXGroup;
			children = (
			);
			name = Frameworks;
			sourceTree = "<group>";
		};
/* End PBXGroup section */

/* Begin PBXHeadersBuildPhase section */
		4BAB75131EF8DD2400F4A1D6 /* Headers */ = {
			isa = PBXHeadersBuildPhase;
			buildActionMask = 2147483647;
			files = (
				4BAB75291EF8DDF800F4A1D6 /* NSObject+Runtime.h in Headers */,
				4BAB75271EF8DDF800F4A1D6 /* KeyboardEventManager.h in Headers */,
				4BAB752B1EF8DDF800F4A1D6 /* UIApplication+KeyUIEvent.h in Headers */,
				4BAB751B1EF8DD2400F4A1D6 /* EscapeKeyListener.h in Headers */,
			);
			runOnlyForDeploymentPostprocessing = 0;
		};
/* End PBXHeadersBuildPhase section */

/* Begin PBXNativeTarget section */
		4BAB75151EF8DD2400F4A1D6 /* EscapeKeyListener */ = {
			isa = PBXNativeTarget;
			buildConfigurationList = 4BAB751E1EF8DD2400F4A1D6 /* Build configuration list for PBXNativeTarget "EscapeKeyListener" */;
			buildPhases = (
				4BAB75111EF8DD2400F4A1D6 /* Sources */,
				4BAB75121EF8DD2400F4A1D6 /* Frameworks */,
				4BAB75131EF8DD2400F4A1D6 /* Headers */,
				4BAB75141EF8DD2400F4A1D6 /* Resources */,
			);
			buildRules = (
			);
			dependencies = (
			);
			name = EscapeKeyListener;
			productName = EscapeKeyListener;
			productReference = 4BAB75161EF8DD2400F4A1D6 /* EscapeKeyListener.framework */;
			productType = "com.apple.product-type.framework";
		};
		4BFD93C720AAC194001CE2C5 /* Demo */ = {
			isa = PBXNativeTarget;
			buildConfigurationList = 4BFD93D920AAC194001CE2C5 /* Build configuration list for PBXNativeTarget "Demo" */;
			buildPhases = (
				4BFD93C420AAC194001CE2C5 /* Sources */,
				4BFD93C520AAC194001CE2C5 /* Frameworks */,
				4BFD93C620AAC194001CE2C5 /* Resources */,
			);
			buildRules = (
			);
			dependencies = (
			);
			name = Demo;
			productName = Demo;
			productReference = 4BFD93C820AAC194001CE2C5 /* Demo.app */;
			productType = "com.apple.product-type.application";
		};
/* End PBXNativeTarget section */

/* Begin PBXProject section */
		4BAB750D1EF8DD2400F4A1D6 /* Project object */ = {
			isa = PBXProject;
			attributes = {
				LastSwiftUpdateCheck = 0920;
				LastUpgradeCheck = 0830;
				ORGANIZATIONNAME = "peng hao";
				TargetAttributes = {
					4BAB75151EF8DD2400F4A1D6 = {
						CreatedOnToolsVersion = 8.3.3;
						DevelopmentTeam = 3FQZ84DGYW;
						ProvisioningStyle = Automatic;
					};
					4BFD93C720AAC194001CE2C5 = {
						CreatedOnToolsVersion = 9.2;
						DevelopmentTeam = 3FQZ84DGYW;
						ProvisioningStyle = Automatic;
					};
				};
			};
			buildConfigurationList = 4BAB75101EF8DD2400F4A1D6 /* Build configuration list for PBXProject "EscapeKeyListener" */;
			compatibilityVersion = "Xcode 3.2";
			developmentRegion = English;
			hasScannedForEncodings = 0;
			knownRegions = (
				en,
				Base,
			);
			mainGroup = 4BAB750C1EF8DD2400F4A1D6;
			productRefGroup = 4BAB75171EF8DD2400F4A1D6 /* Products */;
			projectDirPath = "";
			projectRoot = "";
			targets = (
				4BAB75151EF8DD2400F4A1D6 /* EscapeKeyListener */,
				4BFD93C720AAC194001CE2C5 /* Demo */,
			);
		};
/* End PBXProject section */

/* Begin PBXResourcesBuildPhase section */
		4BAB75141EF8DD2400F4A1D6 /* Resources */ = {
			isa = PBXResourcesBuildPhase;
			buildActionMask = 2147483647;
			files = (
			);
			runOnlyForDeploymentPostprocessing = 0;
		};
		4BFD93C620AAC194001CE2C5 /* Resources */ = {
			isa = PBXResourcesBuildPhase;
			buildActionMask = 2147483647;
			files = (
				4BFD93D520AAC194001CE2C5 /* LaunchScreen.storyboard in Resources */,
				4BFD93D220AAC194001CE2C5 /* Assets.xcassets in Resources */,
				4BFD93D020AAC194001CE2C5 /* Main.storyboard in Resources */,
			);
			runOnlyForDeploymentPostprocessing = 0;
		};
/* End PBXResourcesBuildPhase section */

/* Begin PBXSourcesBuildPhase section */
		4BAB75111EF8DD2400F4A1D6 /* Sources */ = {
			isa = PBXSourcesBuildPhase;
			buildActionMask = 2147483647;
			files = (
				4BAB752A1EF8DDF800F4A1D6 /* NSObject+Runtime.m in Sources */,
				4BAB75281EF8DDF800F4A1D6 /* KeyboardEventManager.m in Sources */,
				4BAB752C1EF8DDF800F4A1D6 /* UIApplication+KeyUIEvent.m in Sources */,
			);
			runOnlyForDeploymentPostprocessing = 0;
		};
		4BFD93C420AAC194001CE2C5 /* Sources */ = {
			isa = PBXSourcesBuildPhase;
			buildActionMask = 2147483647;
			files = (
				4BFD93CD20AAC194001CE2C5 /* ViewController.swift in Sources */,
				4BFD93CB20AAC194001CE2C5 /* AppDelegate.swift in Sources */,
			);
			runOnlyForDeploymentPostprocessing = 0;
		};
/* End PBXSourcesBuildPhase section */

/* Begin PBXVariantGroup section */
		4BFD93CE20AAC194001CE2C5 /* Main.storyboard */ = {
			isa = PBXVariantGroup;
			children = (
				4BFD93CF20AAC194001CE2C5 /* Base */,
			);
			name = Main.storyboard;
			sourceTree = "<group>";
		};
		4BFD93D320AAC194001CE2C5 /* LaunchScreen.storyboard */ = {
			isa = PBXVariantGroup;
			children = (
				4BFD93D420AAC194001CE2C5 /* Base */,
			);
			name = LaunchScreen.storyboard;
			sourceTree = "<group>";
		};
/* End PBXVariantGroup section */

/* Begin XCBuildConfiguration section */
		4BAB751C1EF8DD2400F4A1D6 /* Debug */ = {
			isa = XCBuildConfiguration;
			buildSettings = {
				ALWAYS_SEARCH_USER_PATHS = NO;
				CLANG_ANALYZER_NONNULL = YES;
				CLANG_ANALYZER_NUMBER_OBJECT_CONVERSION = YES_AGGRESSIVE;
				CLANG_CXX_LANGUAGE_STANDARD = "gnu++0x";
				CLANG_CXX_LIBRARY = "libc++";
				CLANG_ENABLE_MODULES = YES;
				CLANG_ENABLE_OBJC_ARC = YES;
				CLANG_WARN_BOOL_CONVERSION = YES;
				CLANG_WARN_CONSTANT_CONVERSION = YES;
				CLANG_WARN_DIRECT_OBJC_ISA_USAGE = YES_ERROR;
				CLANG_WARN_DOCUMENTATION_COMMENTS = YES;
				CLANG_WARN_EMPTY_BODY = YES;
				CLANG_WARN_ENUM_CONVERSION = YES;
				CLANG_WARN_INFINITE_RECURSION = YES;
				CLANG_WARN_INT_CONVERSION = YES;
				CLANG_WARN_OBJC_ROOT_CLASS = YES_ERROR;
				CLANG_WARN_SUSPICIOUS_MOVE = YES;
				CLANG_WARN_UNREACHABLE_CODE = YES;
				CLANG_WARN__DUPLICATE_METHOD_MATCH = YES;
				"CODE_SIGN_IDENTITY[sdk=iphoneos*]" = "iPhone Developer";
				COPY_PHASE_STRIP = NO;
				CURRENT_PROJECT_VERSION = 1;
				DEBUG_INFORMATION_FORMAT = dwarf;
				ENABLE_STRICT_OBJC_MSGSEND = YES;
				ENABLE_TESTABILITY = YES;
				GCC_C_LANGUAGE_STANDARD = gnu99;
				GCC_DYNAMIC_NO_PIC = NO;
				GCC_NO_COMMON_BLOCKS = YES;
				GCC_OPTIMIZATION_LEVEL = 0;
				GCC_PREPROCESSOR_DEFINITIONS = (
					"DEBUG=1",
					"$(inherited)",
				);
				GCC_WARN_64_TO_32_BIT_CONVERSION = YES;
				GCC_WARN_ABOUT_RETURN_TYPE = YES_ERROR;
				GCC_WARN_UNDECLARED_SELECTOR = YES;
				GCC_WARN_UNINITIALIZED_AUTOS = YES_AGGRESSIVE;
				GCC_WARN_UNUSED_FUNCTION = YES;
				GCC_WARN_UNUSED_VARIABLE = YES;
				IPHONEOS_DEPLOYMENT_TARGET = 10.3;
				MTL_ENABLE_DEBUG_INFO = YES;
				ONLY_ACTIVE_ARCH = YES;
				SDKROOT = iphoneos;
				TARGETED_DEVICE_FAMILY = "1,2";
				VERSIONING_SYSTEM = "apple-generic";
				VERSION_INFO_PREFIX = "";
			};
			name = Debug;
		};
		4BAB751D1EF8DD2400F4A1D6 /* Release */ = {
			isa = XCBuildConfiguration;
			buildSettings = {
				ALWAYS_SEARCH_USER_PATHS = NO;
				CLANG_ANALYZER_NONNULL = YES;
				CLANG_ANALYZER_NUMBER_OBJECT_CONVERSION = YES_AGGRESSIVE;
				CLANG_CXX_LANGUAGE_STANDARD = "gnu++0x";
				CLANG_CXX_LIBRARY = "libc++";
				CLANG_ENABLE_MODULES = YES;
				CLANG_ENABLE_OBJC_ARC = YES;
				CLANG_WARN_BOOL_CONVERSION = YES;
				CLANG_WARN_CONSTANT_CONVERSION = YES;
				CLANG_WARN_DIRECT_OBJC_ISA_USAGE = YES_ERROR;
				CLANG_WARN_DOCUMENTATION_COMMENTS = YES;
				CLANG_WARN_EMPTY_BODY = YES;
				CLANG_WARN_ENUM_CONVERSION = YES;
				CLANG_WARN_INFINITE_RECURSION = YES;
				CLANG_WARN_INT_CONVERSION = YES;
				CLANG_WARN_OBJC_ROOT_CLASS = YES_ERROR;
				CLANG_WARN_SUSPICIOUS_MOVE = YES;
				CLANG_WARN_UNREACHABLE_CODE = YES;
				CLANG_WARN__DUPLICATE_METHOD_MATCH = YES;
				"CODE_SIGN_IDENTITY[sdk=iphoneos*]" = "iPhone Developer";
				COPY_PHASE_STRIP = NO;
				CURRENT_PROJECT_VERSION = 1;
				DEBUG_INFORMATION_FORMAT = "dwarf-with-dsym";
				ENABLE_NS_ASSERTIONS = NO;
				ENABLE_STRICT_OBJC_MSGSEND = YES;
				GCC_C_LANGUAGE_STANDARD = gnu99;
				GCC_NO_COMMON_BLOCKS = YES;
				GCC_WARN_64_TO_32_BIT_CONVERSION = YES;
				GCC_WARN_ABOUT_RETURN_TYPE = YES_ERROR;
				GCC_WARN_UNDECLARED_SELECTOR = YES;
				GCC_WARN_UNINITIALIZED_AUTOS = YES_AGGRESSIVE;
				GCC_WARN_UNUSED_FUNCTION = YES;
				GCC_WARN_UNUSED_VARIABLE = YES;
				IPHONEOS_DEPLOYMENT_TARGET = 10.3;
				MTL_ENABLE_DEBUG_INFO = NO;
				SDKROOT = iphoneos;
				TARGETED_DEVICE_FAMILY = "1,2";
				VALIDATE_PRODUCT = YES;
				VERSIONING_SYSTEM = "apple-generic";
				VERSION_INFO_PREFIX = "";
			};
			name = Release;
		};
		4BAB751F1EF8DD2400F4A1D6 /* Debug */ = {
			isa = XCBuildConfiguration;
			buildSettings = {
				CODE_SIGN_IDENTITY = "";
				DEFINES_MODULE = YES;
				DEVELOPMENT_TEAM = 3FQZ84DGYW;
				DYLIB_COMPATIBILITY_VERSION = 1;
				DYLIB_CURRENT_VERSION = 1;
				DYLIB_INSTALL_NAME_BASE = "@rpath";
				INFOPLIST_FILE = EscapeKeyListener/Info.plist;
				INSTALL_PATH = "$(LOCAL_LIBRARY_DIR)/Frameworks";
				LD_RUNPATH_SEARCH_PATHS = "$(inherited) @executable_path/Frameworks @loader_path/Frameworks";
				ONLY_ACTIVE_ARCH = NO;
				PRODUCT_BUNDLE_IDENTIFIER = com.wolfpeng.EscapeKeyListener;
				PRODUCT_NAME = "$(TARGET_NAME)";
				SKIP_INSTALL = YES;
				VALID_ARCHS = "arm64 armv7 armv7s i386 x86_64";
			};
			name = Debug;
		};
		4BAB75201EF8DD2400F4A1D6 /* Release */ = {
			isa = XCBuildConfiguration;
			buildSettings = {
				CODE_SIGN_IDENTITY = "";
				DEFINES_MODULE = YES;
				DEVELOPMENT_TEAM = 3FQZ84DGYW;
				DYLIB_COMPATIBILITY_VERSION = 1;
				DYLIB_CURRENT_VERSION = 1;
				DYLIB_INSTALL_NAME_BASE = "@rpath";
				INFOPLIST_FILE = EscapeKeyListener/Info.plist;
				INSTALL_PATH = "$(LOCAL_LIBRARY_DIR)/Frameworks";
				LD_RUNPATH_SEARCH_PATHS = "$(inherited) @executable_path/Frameworks @loader_path/Frameworks";
				PRODUCT_BUNDLE_IDENTIFIER = com.wolfpeng.EscapeKeyListener;
				PRODUCT_NAME = "$(TARGET_NAME)";
				SKIP_INSTALL = YES;
				VALID_ARCHS = "arm64 armv7 armv7s i386 x86_64";
			};
			name = Release;
		};
		4BFD93D720AAC194001CE2C5 /* Debug */ = {
			isa = XCBuildConfiguration;
			buildSettings = {
				ASSETCATALOG_COMPILER_APPICON_NAME = AppIcon;
				CLANG_CXX_LANGUAGE_STANDARD = "gnu++14";
				CLANG_WARN_BLOCK_CAPTURE_AUTORELEASING = YES;
				CLANG_WARN_COMMA = YES;
				CLANG_WARN_NON_LITERAL_NULL_CONVERSION = YES;
				CLANG_WARN_OBJC_LITERAL_CONVERSION = YES;
				CLANG_WARN_RANGE_LOOP_ANALYSIS = YES;
				CLANG_WARN_STRICT_PROTOTYPES = YES;
				CLANG_WARN_UNGUARDED_AVAILABILITY = YES_AGGRESSIVE;
				CODE_SIGN_IDENTITY = "iPhone Developer";
				CODE_SIGN_STYLE = Automatic;
				DEVELOPMENT_TEAM = 3FQZ84DGYW;
				GCC_C_LANGUAGE_STANDARD = gnu11;
				INFOPLIST_FILE = Demo/Info.plist;
				IPHONEOS_DEPLOYMENT_TARGET = 11.2;
				LD_RUNPATH_SEARCH_PATHS = "$(inherited) @executable_path/Frameworks";
				PRODUCT_BUNDLE_IDENTIFIER = com.wolfpeng.Demo;
				PRODUCT_NAME = "$(TARGET_NAME)";
				SWIFT_ACTIVE_COMPILATION_CONDITIONS = DEBUG;
				SWIFT_OPTIMIZATION_LEVEL = "-Onone";
				SWIFT_VERSION = 4.0;
				TARGETED_DEVICE_FAMILY = "1,2";
			};
			name = Debug;
		};
		4BFD93D820AAC194001CE2C5 /* Release */ = {
			isa = XCBuildConfiguration;
			buildSettings = {
				ASSETCATALOG_COMPILER_APPICON_NAME = AppIcon;
				CLANG_CXX_LANGUAGE_STANDARD = "gnu++14";
				CLANG_WARN_BLOCK_CAPTURE_AUTORELEASING = YES;
				CLANG_WARN_COMMA = YES;
				CLANG_WARN_NON_LITERAL_NULL_CONVERSION = YES;
				CLANG_WARN_OBJC_LITERAL_CONVERSION = YES;
				CLANG_WARN_RANGE_LOOP_ANALYSIS = YES;
				CLANG_WARN_STRICT_PROTOTYPES = YES;
				CLANG_WARN_UNGUARDED_AVAILABILITY = YES_AGGRESSIVE;
				CODE_SIGN_IDENTITY = "iPhone Developer";
				CODE_SIGN_STYLE = Automatic;
				DEVELOPMENT_TEAM = 3FQZ84DGYW;
				GCC_C_LANGUAGE_STANDARD = gnu11;
				INFOPLIST_FILE = Demo/Info.plist;
				IPHONEOS_DEPLOYMENT_TARGET = 11.2;
				LD_RUNPATH_SEARCH_PATHS = "$(inherited) @executable_path/Frameworks";
				PRODUCT_BUNDLE_IDENTIFIER = com.wolfpeng.Demo;
				PRODUCT_NAME = "$(TARGET_NAME)";
				SWIFT_OPTIMIZATION_LEVEL = "-Owholemodule";
				SWIFT_VERSION = 4.0;
				TARGETED_DEVICE_FAMILY = "1,2";
			};
			name = Release;
		};
/* End XCBuildConfiguration section */

/* Begin XCConfigurationList section */
		4BAB75101EF8DD2400F4A1D6 /* Build configuration list for PBXProject "EscapeKeyListener" */ = {
			isa = XCConfigurationList;
			buildConfigurations = (
				4BAB751C1EF8DD2400F4A1D6 /* Debug */,
				4BAB751D1EF8DD2400F4A1D6 /* Release */,
			);
			defaultConfigurationIsVisible = 0;
			defaultConfigurationName = Release;
		};
		4BAB751E1EF8DD2400F4A1D6 /* Build configuration list for PBXNativeTarget "EscapeKeyListener" */ = {
			isa = XCConfigurationList;
			buildConfigurations = (
				4BAB751F1EF8DD2400F4A1D6 /* Debug */,
				4BAB75201EF8DD2400F4A1D6 /* Release */,
			);
			defaultConfigurationIsVisible = 0;
			defaultConfigurationName = Release;
		};
		4BFD93D920AAC194001CE2C5 /* Build configuration list for PBXNativeTarget "Demo" */ = {
			isa = XCConfigurationList;
			buildConfigurations = (
				4BFD93D720AAC194001CE2C5 /* Debug */,
				4BFD93D820AAC194001CE2C5 /* Release */,
			);
			defaultConfigurationIsVisible = 0;
			defaultConfigurationName = Release;
		};
/* End XCConfigurationList section */
	};
	rootObject = 4BAB750D1EF8DD2400F4A1D6 /* Project object */;
}
